schema: '2.0'
stages:
  run_plots_command:
    cmd: dvc plots diff
  prepare_data:
    cmd: python src/01_prepare.py --configs=configs/configs.yaml --params=params.yaml
    deps:
    - path: configs/configs.yaml
      md5: 98f266490f00c7c71407649ae8c05172
      size: 393
    - path: data/data.xml
      md5: a304afb96060aad90176268345e10355
      size: 37891850
    - path: src/01_prepare.py
      md5: 9f208f8b69488dae22b35e2b3d8c9139
      size: 1989
    - path: src/utils/common.py
      md5: 8884fcc23979b226f53c094870d6357d
      size: 936
    - path: src/utils/data_mgmt.py
      md5: 522ecf3040edd505a73694768ff1bf09
      size: 872
    params:
      params.yaml:
        prepare.seed: 300
        prepare.split: 0.3
    outs:
    - path: artifacts/prepared/test.tsv
      md5: 281d2c9d6534e3b5b75631af1ba41d57
      size: 7239099
    - path: artifacts/prepared/train.tsv
      md5: 312d50d3d35e57493b12dc336d34342d
      size: 16647220
  featurize:
    cmd: python src/02_featurization.py --configs=configs/configs.yaml --params=params.yaml
    deps:
    - path: artifacts/prepared/test.tsv
      md5: 281d2c9d6534e3b5b75631af1ba41d57
      size: 7239099
    - path: artifacts/prepared/train.tsv
      md5: 312d50d3d35e57493b12dc336d34342d
      size: 16647220
    - path: configs/configs.yaml
      md5: 98f266490f00c7c71407649ae8c05172
      size: 393
    - path: src/02_featurization.py
      md5: b5331e31e6d5f1e59a424d558aba5a39
      size: 2883
    - path: src/utils/common.py
      md5: 8884fcc23979b226f53c094870d6357d
      size: 936
    - path: src/utils/featurize.py
      md5: 6fab099f6e08f344613ff08f4242d2e4
      size: 520
    params:
      params.yaml:
        featurize.max_features: 2500
        featurize.ngrams: 2
    outs:
    - path: artifacts/features/test.pkl
      md5: 60c5ec1dda77c39db8ab60b89cf6c30a
      size: 3694301
    - path: artifacts/features/train.pkl
      md5: 5afef2bdaf84b33f444140eb2fb8385f
      size: 8569641
  train:
    cmd: python src/03_train.py --configs=configs/configs.yaml --params=params.yaml
    deps:
    - path: artifacts/features/train.pkl
      md5: 5afef2bdaf84b33f444140eb2fb8385f
      size: 8569641
    - path: configs/configs.yaml
      md5: 98f266490f00c7c71407649ae8c05172
      size: 393
    - path: src/03_train.py
      md5: c7fea01cdca9d9b506da67298ebb1895
      size: 2182
    - path: src/utils/common.py
      md5: 8884fcc23979b226f53c094870d6357d
      size: 936
    params:
      params.yaml:
        train.min_split: 16
        train.n_est: 100
        train.seed: 300
    outs:
    - path: artifacts/model/model.pkl
      md5: acf139c88b0d915c4397f40e36b1ad31
      size: 3141866
  evaluate:
    cmd: python src/04_evaluate.py --configs=configs/configs.yaml
    deps:
    - path: artifacts/features/test.pkl
      md5: 60c5ec1dda77c39db8ab60b89cf6c30a
      size: 3694301
    - path: artifacts/model/model.pkl
      md5: acf139c88b0d915c4397f40e36b1ad31
      size: 3141866
    - path: configs/configs.yaml
      md5: 98f266490f00c7c71407649ae8c05172
      size: 393
    - path: src/04_evaluate.py
      md5: c1c37f57af670e8605646293fe5e84af
      size: 2803
    - path: src/utils/common.py
      md5: 8884fcc23979b226f53c094870d6357d
      size: 936
    outs:
    - path: prc.json
      md5: b7dcf028c9f34bced65163a664d6d79f
      size: 139384
    - path: roc.json
      md5: db3e9ab910cff623e3c64abf4f230427
      size: 129995
    - path: scores.json
      md5: 46e14c2f27ff4c584b1d9402cb0826f6
      size: 76
